
Microsoft Visual Studio Solution File, Format Version 12.00
# Visual Studio Version 17
VisualStudioVersion = 17.8.34525.116
MinimumVisualStudioVersion = 10.0.40219.1
Project("{9A19103F-16F7-4668-BE54-9A1E7A4F7556}") = "StudentskiProjekti", "StudentskiProjekti\StudentskiProjekti.csproj", "{77C6B6F2-5678-4875-A855-6F01C4A07E58}"
EndProject
Global
	GlobalSection(SolutionConfigurationPlatforms) = preSolution
		Debug|Any CPU = Debug|Any CPU
		Release|Any CPU = Release|Any CPU
	EndGlobalSection
	GlobalSection(ProjectConfigurationPlatforms) = postSolution
		{77C6B6F2-5678-4875-A855-6F01C4A07E58}.Debug|Any CPU.ActiveCfg = Debug|Any CPU
		{77C6B6F2-5678-4875-A855-6F01C4A07E58}.Debug|Any CPU.Build.0 = Debug|Any CPU
		{77C6B6F2-5678-4875-A855-6F01C4A07E58}.Release|Any CPU.ActiveCfg = Release|Any CPU
		{77C6B6F2-5678-4875-A855-6F01C4A07E58}.Release|Any CPU.Build.0 = Release|Any CPU
	EndGlobalSection
	GlobalSection(SolutionProperties) = preSolution
		HideSolutionNode = FALSE
	EndGlobalSection
	GlobalSection(ExtensibilityGlobals) = postSolution
		SolutionGuid = {DA75D1B5-155A-4820-B063-652983FE7D77}
	EndGlobalSection
EndGlobal
